<?xml version="1.0" encoding="utf-8"?>
<Project ToolsVersion="4.0" xmlns="http://schemas.microsoft.com/developer/msbuild/2003">
  <ItemGroup>
    <Filter Include="Library">
      <UniqueIdentifier>{b2f8558d-862b-45ed-ae4f-018855d12c68}</UniqueIdentifier>
    </Filter>
    <Filter Include="Examples">
      <UniqueIdentifier>{0c1dd625-a7ab-4591-a7a6-63f7c650781f}</UniqueIdentifier>
    </Filter>
  </ItemGroup>
  <ItemGroup>
    <ClInclude Include="..\..\LazyTemplateLibrary.h">
      <Filter>Library</Filter>
    </ClInclude>
    <ClInclude Include="..\..\string.h">
      <Filter>Library</Filter>
    </ClInclude>
  </ItemGroup>
  <ItemGroup>
    <ClCompile Include="..\ExampleString.cpp">
      <Filter>Examples</Filter>
    </ClCompile>
  </ItemGroup>
</Project>